
Microsoft Visual Studio Solution File, Format Version 12.00
# Visual Studio 15
VisualStudioVersion = 15.0.28307.271
MinimumVisualStudioVersion = 10.0.40219.1
Project("{FAE04EC0-301F-11D3-BF4B-00C04F79EFBC}") = "PackageGenerator", "PackageGenerator\PackageGenerator.csproj", "{170C0103-3F94-4896-9062-6314167F596A}"
EndProject
Global
	GlobalSection(SolutionConfigurationPlatforms) = preSolution
		Debug|Any CPU = Debug|Any CPU
		Release|Any CPU = Release|Any CPU
	EndGlobalSection
	GlobalSection(ProjectConfigurationPlatforms) = postSolution
		{170C0103-3F94-4896-9062-6314167F596A}.Debug|Any CPU.ActiveCfg = Debug|Any CPU
		{170C0103-3F94-4896-9062-6314167F596A}.Debug|Any CPU.Build.0 = Debug|Any CPU
		{170C0103-3F94-4896-9062-6314167F596A}.Release|Any CPU.ActiveCfg = Release|Any CPU
		{170C0103-3F94-4896-9062-6314167F596A}.Release|Any CPU.Build.0 = Release|Any CPU
	EndGlobalSection
	GlobalSection(SolutionProperties) = preSolution
		HideSolutionNode = FALSE
	EndGlobalSection
	GlobalSection(ExtensibilityGlobals) = postSolution
		SolutionGuid = {04790AFD-26FF-414C-A75B-0533E14EFA8A}
	EndGlobalSection
EndGlobal
